Microsoft Visual Studio Solution File, Format Version 12.00
# Visual Studio Version 17
VisualStudioVersion = 17.5.2.0
MinimumVisualStudioVersion = 10.0.40219.1
Project("{FAE04EC0-301F-11D3-BF4B-00C04F79EFBC}") = "MusicTest", "MusicTest.csproj", "{C14C5210-5085-FECF-52DA-7495D6027DBD}"
EndProject
Global
	GlobalSection(SolutionConfigurationPlatforms) = preSolution
		Debug|Any CPU = Debug|Any CPU
		Release|Any CPU = Release|Any CPU
	EndGlobalSection
	GlobalSection(ProjectConfigurationPlatforms) = postSolution
		{C14C5210-5085-FECF-52DA-7495D6027DBD}.Debug|Any CPU.ActiveCfg = Debug|Any CPU
		{C14C5210-5085-FECF-52DA-7495D6027DBD}.Debug|Any CPU.Build.0 = Debug|Any CPU
		{C14C5210-5085-FECF-52DA-7495D6027DBD}.Release|Any CPU.ActiveCfg = Release|Any CPU
		{C14C5210-5085-FECF-52DA-7495D6027DBD}.Release|Any CPU.Build.0 = Release|Any CPU
	EndGlobalSection
	GlobalSection(SolutionProperties) = preSolution
		HideSolutionNode = FALSE
	EndGlobalSection
	GlobalSection(ExtensibilityGlobals) = postSolution
		SolutionGuid = {F1988B7B-1BF2-4907-936B-29A3803A4E75}
	EndGlobalSection
EndGlobal
